{
  "name": "@hexlet/code",
  "version": "1.0.0",
  "lockfileVersion": 2,
  "requires": true,
  "packages": {
    "": {
      "name": "@hexlet/code",
      "version": "1.0.0",
      "license": "ISC",
      "dependencies": {
        "commander": "^10.0.0",
        "node-fs": "^0.1.7"
      },
      "bin": {
        "gendiff": "gendiff.js"
      }
    },
    "node_modules/commander": {
      "version": "10.0.0",
      "resolved": "https://registry.npmjs.org/commander/-/commander-10.0.0.tgz",
      "integrity": "sha512-zS5PnTI22FIRM6ylNW8G4Ap0IEOyk62fhLSD0+uHRT9McRCLGpkVNvao4bjimpK/GShynyQkFFxHhwMcETmduA==",
      "engines": {
        "node": ">=14"
      }
    },
    "node_modules/node-fs": {
      "version": "0.1.7",
      "resolved": "https://registry.npmjs.org/node-fs/-/node-fs-0.1.7.tgz",
      "integrity": "sha512-XqDBlmUKgDGe76+lZ/0sRBF3XW2vVcK07+ZPvdpUTK8jrvtPahUd0aBqJ9+ZjB01ANjZLuvK3O/eoMVmz62rpA==",
      "os": [
        "linux",
        "darwin",
        "freebsd",
        "win32",
        "smartos",
        "sunos"
      ],
      "engines": {
        "node": ">=0.1.97"
      }
    }
  },
  "dependencies": {
    "commander": {
      "version": "10.0.0",
      "resolved": "https://registry.npmjs.org/commander/-/commander-10.0.0.tgz",
      "integrity": "sha512-zS5PnTI22FIRM6ylNW8G4Ap0IEOyk62fhLSD0+uHRT9McRCLGpkVNvao4bjimpK/GShynyQkFFxHhwMcETmduA=="
    },
    "node-fs": {
      "version": "0.1.7",
      "resolved": "https://registry.npmjs.org/node-fs/-/node-fs-0.1.7.tgz",
      "integrity": "sha512-XqDBlmUKgDGe76+lZ/0sRBF3XW2vVcK07+ZPvdpUTK8jrvtPahUd0aBqJ9+ZjB01ANjZLuvK3O/eoMVmz62rpA=="
    }
  }
}
